
Microsoft Visual Studio Solution File, Format Version 12.00
# Visual Studio Version 17
VisualStudioVersion = 17.6.33829.357
MinimumVisualStudioVersion = 10.0.40219.1
Project("{FAE04EC0-301F-11D3-BF4B-00C04F79EFBC}") = "Day5 - Homework", "Day5 - Homework\Day5 - Homework.csproj", "{C429939D-D91A-475E-9AD6-CA9BFF5901AF}"
EndProject
Global
	GlobalSection(SolutionConfigurationPlatforms) = preSolution
		Debug|Any CPU = Debug|Any CPU
		Release|Any CPU = Release|Any CPU
	EndGlobalSection
	GlobalSection(ProjectConfigurationPlatforms) = postSolution
		{C429939D-D91A-475E-9AD6-CA9BFF5901AF}.Debug|Any CPU.ActiveCfg = Debug|Any CPU
		{C429939D-D91A-475E-9AD6-CA9BFF5901AF}.Debug|Any CPU.Build.0 = Debug|Any CPU
		{C429939D-D91A-475E-9AD6-CA9BFF5901AF}.Release|Any CPU.ActiveCfg = Release|Any CPU
		{C429939D-D91A-475E-9AD6-CA9BFF5901AF}.Release|Any CPU.Build.0 = Release|Any CPU
	EndGlobalSection
	GlobalSection(SolutionProperties) = preSolution
		HideSolutionNode = FALSE
	EndGlobalSection
	GlobalSection(ExtensibilityGlobals) = postSolution
		SolutionGuid = {AC27BD82-5541-415E-8743-706A6BB7AAEA}
	EndGlobalSection
EndGlobal
